
Microsoft Visual Studio Solution File, Format Version 12.00
# Visual Studio 15
VisualStudioVersion = 15.0.27110.0
MinimumVisualStudioVersion = 10.0.40219.1
Project("{FAE04EC0-301F-11D3-BF4B-00C04F79EFBC}") = "FelicityTicketPrint", "FelicityTicketPrint\FelicityTicketPrint.csproj", "{8E5152E4-1A23-450C-AD30-4B9E6CC08DBF}"
EndProject
Global
	GlobalSection(SolutionConfigurationPlatforms) = preSolution
		Debug|Any CPU = Debug|Any CPU
		Release|Any CPU = Release|Any CPU
	EndGlobalSection
	GlobalSection(ProjectConfigurationPlatforms) = postSolution
		{8E5152E4-1A23-450C-AD30-4B9E6CC08DBF}.Debug|Any CPU.ActiveCfg = Debug|Any CPU
		{8E5152E4-1A23-450C-AD30-4B9E6CC08DBF}.Debug|Any CPU.Build.0 = Debug|Any CPU
		{8E5152E4-1A23-450C-AD30-4B9E6CC08DBF}.Release|Any CPU.ActiveCfg = Release|Any CPU
		{8E5152E4-1A23-450C-AD30-4B9E6CC08DBF}.Release|Any CPU.Build.0 = Release|Any CPU
	EndGlobalSection
	GlobalSection(SolutionProperties) = preSolution
		HideSolutionNode = FALSE
	EndGlobalSection
	GlobalSection(ExtensibilityGlobals) = postSolution
		SolutionGuid = {DC0B8849-D6C0-4448-8B6E-DCD5586A2962}
	EndGlobalSection
EndGlobal
